
Microsoft Visual Studio Solution File, Format Version 12.00
# Visual Studio 2012
Project("{FAE04EC0-301F-11D3-BF4B-00C04F79EFBC}") = "InterfaceTest", "InterfaceTest\InterfaceTest.csproj", "{B08997D7-BB6C-4F46-9345-0A4B058BEB03}"
EndProject
Global
	GlobalSection(SolutionConfigurationPlatforms) = preSolution
		Debug|Any CPU = Debug|Any CPU
		Release|Any CPU = Release|Any CPU
	EndGlobalSection
	GlobalSection(ProjectConfigurationPlatforms) = postSolution
		{B08997D7-BB6C-4F46-9345-0A4B058BEB03}.Debug|Any CPU.ActiveCfg = Debug|Any CPU
		{B08997D7-BB6C-4F46-9345-0A4B058BEB03}.Debug|Any CPU.Build.0 = Debug|Any CPU
		{B08997D7-BB6C-4F46-9345-0A4B058BEB03}.Release|Any CPU.ActiveCfg = Release|Any CPU
		{B08997D7-BB6C-4F46-9345-0A4B058BEB03}.Release|Any CPU.Build.0 = Release|Any CPU
	EndGlobalSection
	GlobalSection(SolutionProperties) = preSolution
		HideSolutionNode = FALSE
	EndGlobalSection
EndGlobal
